<?xml version="1.0" encoding="utf-8"?>
<Project ToolsVersion="4.0" xmlns="http://schemas.microsoft.com/developer/msbuild/2003">
  <ItemGroup>
    <Filter Include="Source Files">
      <UniqueIdentifier>{4FC737F1-C7A5-4376-A066-2A32D752A2FF}</UniqueIdentifier>
      <Extensions>cpp;c;cc;cxx;c++;cppm;ixx;def;odl;idl;hpj;bat;asm;asmx</Extensions>
    </Filter>
    <Filter Include="Source Files\Protobuf">
      <UniqueIdentifier>{f910e9f5-8c1f-4119-9985-855f654e8753}</UniqueIdentifier>
    </Filter>
    <Filter Include="Source Files\Protofiles">
      <UniqueIdentifier>{cd5a422c-b0df-45a3-9f34-c3212cb8e4c9}</UniqueIdentifier>
    </Filter>
    <Filter Include="Source Files\Packet">
      <UniqueIdentifier>{bf792f4a-d834-4f7e-a6bd-dcf05a735c21}</UniqueIdentifier>
    </Filter>
    <Filter Include="Source Files\Protobuf\Common">
      <UniqueIdentifier>{d6e794f9-0fc5-4d29-9f90-b9e08ed6c86c}</UniqueIdentifier>
    </Filter>
  </ItemGroup>
  <ItemGroup>
    <ClCompile Include="pch.cpp">
      <Filter>Source Files</Filter>
    </ClCompile>
    <ClCompile Include="ProxyPacketId.cpp">
      <Filter>Source Files</Filter>
    </ClCompile>
    <ClCompile Include="Protobuf\ENTER_SCENE_RES.pb.cc">
      <Filter>Source Files\Protobuf</Filter>
    </ClCompile>
    <ClCompile Include="Protobuf\LOGIN_REQ.pb.cc">
      <Filter>Source Files\Protobuf</Filter>
    </ClCompile>
    <ClCompile Include="Protobuf\LOGIN_RES.pb.cc">
      <Filter>Source Files\Protobuf</Filter>
    </ClCompile>
    <ClCompile Include="Protobuf\MOVE_REQ.pb.cc">
      <Filter>Source Files\Protobuf</Filter>
    </ClCompile>
    <ClCompile Include="Protobuf\MOVE_RES.pb.cc">
      <Filter>Source Files\Protobuf</Filter>
    </ClCompile>
    <ClCompile Include="Protobuf\NPC_BASE_INFO.pb.cc">
      <Filter>Source Files\Protobuf</Filter>
    </ClCompile>
    <ClCompile Include="Protobuf\NPC_INFO.pb.cc">
      <Filter>Source Files\Protobuf</Filter>
    </ClCompile>
    <ClCompile Include="Protobuf\NPC_LIST_RES.pb.cc">
      <Filter>Source Files\Protobuf</Filter>
    </ClCompile>
    <ClCompile Include="Protobuf\NPC_SPAWNED_LIST.pb.cc">
      <Filter>Source Files\Protobuf</Filter>
    </ClCompile>
    <ClCompile Include="Protobuf\PLAYER_INFO.pb.cc">
      <Filter>Source Files\Protobuf</Filter>
    </ClCompile>
    <ClCompile Include="Protobuf\POSITION_UPDATE.pb.cc">
      <Filter>Source Files\Protobuf</Filter>
    </ClCompile>
    <ClCompile Include="Protobuf\STAT_INFO.pb.cc">
      <Filter>Source Files\Protobuf</Filter>
    </ClCompile>
    <ClCompile Include="Protobuf\VECTOR3.pb.cc">
      <Filter>Source Files\Protobuf</Filter>
    </ClCompile>
    <ClCompile Include="Protobuf\USE_SKILL_REQ.pb.cc">
      <Filter>Source Files\Protobuf</Filter>
    </ClCompile>
    <ClCompile Include="Protobuf\USE_SKILL_RES.pb.cc">
      <Filter>Source Files\Protobuf</Filter>
    </ClCompile>
    <ClCompile Include="Protobuf\PROJECTILE_INFO.pb.cc">
      <Filter>Source Files\Protobuf</Filter>
    </ClCompile>
    <ClCompile Include="Protobuf\PROJECTILE_SPAWNED_LIST.pb.cc">
      <Filter>Source Files\Protobuf</Filter>
    </ClCompile>
  </ItemGroup>
  <ItemGroup>
    <ClInclude Include="pch.h">
      <Filter>Source Files</Filter>
    </ClInclude>
    <ClInclude Include="ProxyPacketId.h" />
    <ClInclude Include="PacketDef.h">
      <Filter>Source Files\Packet</Filter>
    </ClInclude>
    <ClInclude Include="ResponseCode.h">
      <Filter>Source Files\Packet</Filter>
    </ClInclude>
    <ClInclude Include="Protobuf\ENTER_SCENE_RES.pb.h">
      <Filter>Source Files\Protobuf</Filter>
    </ClInclude>
    <ClInclude Include="Protobuf\LOGIN_REQ.pb.h">
      <Filter>Source Files\Protobuf</Filter>
    </ClInclude>
    <ClInclude Include="Protobuf\LOGIN_RES.pb.h">
      <Filter>Source Files\Protobuf</Filter>
    </ClInclude>
    <ClInclude Include="Protobuf\MOVE_REQ.pb.h">
      <Filter>Source Files\Protobuf</Filter>
    </ClInclude>
    <ClInclude Include="Protobuf\MOVE_RES.pb.h">
      <Filter>Source Files\Protobuf</Filter>
    </ClInclude>
    <ClInclude Include="Protobuf\NPC_BASE_INFO.pb.h">
      <Filter>Source Files\Protobuf</Filter>
    </ClInclude>
    <ClInclude Include="Protobuf\NPC_INFO.pb.h">
      <Filter>Source Files\Protobuf</Filter>
    </ClInclude>
    <ClInclude Include="Protobuf\NPC_LIST_RES.pb.h">
      <Filter>Source Files\Protobuf</Filter>
    </ClInclude>
    <ClInclude Include="Protobuf\NPC_SPAWNED_LIST.pb.h">
      <Filter>Source Files\Protobuf</Filter>
    </ClInclude>
    <ClInclude Include="Protobuf\PLAYER_INFO.pb.h">
      <Filter>Source Files\Protobuf</Filter>
    </ClInclude>
    <ClInclude Include="Protobuf\POSITION_UPDATE.pb.h">
      <Filter>Source Files\Protobuf</Filter>
    </ClInclude>
    <ClInclude Include="Protobuf\STAT_INFO.pb.h">
      <Filter>Source Files\Protobuf</Filter>
    </ClInclude>
    <ClInclude Include="Protobuf\VECTOR3.pb.h">
      <Filter>Source Files\Protobuf</Filter>
    </ClInclude>
    <ClInclude Include="Protobuf\USE_SKILL_REQ.pb.h">
      <Filter>Source Files\Protobuf</Filter>
    </ClInclude>
    <ClInclude Include="Protobuf\USE_SKILL_RES.pb.h">
      <Filter>Source Files\Protobuf</Filter>
    </ClInclude>
    <ClInclude Include="Protobuf\PROJECTILE_INFO.pb.h">
      <Filter>Source Files\Protobuf</Filter>
    </ClInclude>
    <ClInclude Include="Protobuf\PROJECTILE_SPAWNED_LIST.pb.h">
      <Filter>Source Files\Protobuf</Filter>
    </ClInclude>
  </ItemGroup>
</Project>