<?xml version="1.0" encoding="utf-8"?>
<Project ToolsVersion="4.0" xmlns="http://schemas.microsoft.com/developer/msbuild/2003">
  <ItemGroup>
    <Filter Include="Source Files">
      <UniqueIdentifier>{4FC737F1-C7A5-4376-A066-2A32D752A2FF}</UniqueIdentifier>
      <Extensions>cpp;c;cc;cxx;c++;cppm;ixx;def;odl;idl;hpj;bat;asm;asmx</Extensions>
    </Filter>
    <Filter Include="Resource Files">
      <UniqueIdentifier>{67DA6AB6-F800-4c08-8B7A-83BB121AAD01}</UniqueIdentifier>
      <Extensions>rc;ico;cur;bmp;dlg;rc2;rct;bin;rgs;gif;jpg;jpeg;jpe;resx;tiff;tif;png;wav;mfcribbon-ms</Extensions>
    </Filter>
    <Filter Include="Source Files\System">
      <UniqueIdentifier>{37440e80-76d5-4cad-a259-2ef69cf1b858}</UniqueIdentifier>
    </Filter>
    <Filter Include="Source Files\DataSystem">
      <UniqueIdentifier>{38f603b6-8fc8-4e0d-aa37-abf7e6b7b500}</UniqueIdentifier>
    </Filter>
    <Filter Include="Source Files\GameSystem">
      <UniqueIdentifier>{01ff9122-a870-4d0d-b159-35ee30fb2259}</UniqueIdentifier>
    </Filter>
    <Filter Include="Source Files\GameSystem\Controller">
      <UniqueIdentifier>{4a3f8f2a-158e-4fab-be79-66f73ed48b4d}</UniqueIdentifier>
    </Filter>
    <Filter Include="Source Files\GameSystem\Common">
      <UniqueIdentifier>{ce2ea7c6-f987-4d84-a3e3-25d5c183059d}</UniqueIdentifier>
    </Filter>
    <Filter Include="Source Files\GameSystem\Modifier">
      <UniqueIdentifier>{0d385036-d7be-4656-8186-51ac4393f0e5}</UniqueIdentifier>
    </Filter>
    <Filter Include="Source Files\GameSystem\Command">
      <UniqueIdentifier>{4997bb6e-1fdf-4ef2-9300-9fefa29b8838}</UniqueIdentifier>
    </Filter>
    <Filter Include="Source Files\DataSystem\Manager">
      <UniqueIdentifier>{41a454f8-43df-42f5-bd81-4bf09b4e9ea7}</UniqueIdentifier>
    </Filter>
    <Filter Include="Source Files\NetworkSystem">
      <UniqueIdentifier>{d55356e4-4f4a-432a-9701-b056fee351b6}</UniqueIdentifier>
    </Filter>
    <Filter Include="Source Files\GameSystem\Opereation">
      <UniqueIdentifier>{63dac1f9-32a4-4e05-8f85-a06a470d1eaf}</UniqueIdentifier>
    </Filter>
    <Filter Include="Source Files\GameSystem\Debug">
      <UniqueIdentifier>{edd49489-39ec-4129-b966-11e695da3165}</UniqueIdentifier>
    </Filter>
    <Filter Include="Source Files\Interface">
      <UniqueIdentifier>{43b64ac3-2f3e-4acf-bea2-8651770262e1}</UniqueIdentifier>
    </Filter>
    <Filter Include="Source Files\Logger">
      <UniqueIdentifier>{9a93da21-f5f4-4a17-a87b-3955e87455a8}</UniqueIdentifier>
    </Filter>
    <Filter Include="Source Files\NetworkSystem\Controller">
      <UniqueIdentifier>{7d9130a4-d7fe-413c-9ff5-f322dae478c9}</UniqueIdentifier>
    </Filter>
    <Filter Include="Source Files\NetworkSystem\Controller\Interface">
      <UniqueIdentifier>{9931816c-fd5d-4d0a-b802-145fb3d7a550}</UniqueIdentifier>
    </Filter>
    <Filter Include="Source Files\GameSystem\Scene">
      <UniqueIdentifier>{1d432961-03d9-4109-8685-dcdd814b06b5}</UniqueIdentifier>
    </Filter>
    <Filter Include="Source Files\GameSystem\Command\CommandController">
      <UniqueIdentifier>{8f89b464-0f8b-4431-8126-54e5b15c1f20}</UniqueIdentifier>
    </Filter>
    <Filter Include="Source Files\GameSystem\Command\CommandController\Scene">
      <UniqueIdentifier>{1e4c2d16-2cf2-4d83-af40-f948446cce88}</UniqueIdentifier>
    </Filter>
    <Filter Include="Source Files\GameSystem\Command\CommandController\GameSystem">
      <UniqueIdentifier>{963b9a11-b0d5-4694-85c5-4abf791afd06}</UniqueIdentifier>
    </Filter>
    <Filter Include="Source Files\GameSystem\Command\CommandController\GameSystem\Global">
      <UniqueIdentifier>{98eb5251-6d82-4a43-a867-1714129cffdd}</UniqueIdentifier>
    </Filter>
    <Filter Include="Source Files\GameSystem\Command\CommandController\GameSystem\Container">
      <UniqueIdentifier>{70ba15cc-566c-446f-befe-0b786ed55ecb}</UniqueIdentifier>
    </Filter>
    <Filter Include="Source Files\GameSystem\Command\CommandController\GameSystem\Interface">
      <UniqueIdentifier>{93c2ab5f-0097-4e30-bb7c-19aacb8429e1}</UniqueIdentifier>
    </Filter>
    <Filter Include="Source Files\GameSystem\Command\CommandController\Scene\Container">
      <UniqueIdentifier>{027b61a0-023c-4d53-a1dc-50dcdd85d17d}</UniqueIdentifier>
    </Filter>
    <Filter Include="Source Files\GameSystem\Command\CommandController\Scene\Interface">
      <UniqueIdentifier>{553471d6-150d-4b72-9911-9a31fd9b05e5}</UniqueIdentifier>
    </Filter>
    <Filter Include="Source Files\GameSystem\Command\CommandController\Scene\Global">
      <UniqueIdentifier>{b533e52d-594f-40a5-b961-13869709c11d}</UniqueIdentifier>
    </Filter>
    <Filter Include="Source Files\GameSystem\Command\CommandController\Scene\Input">
      <UniqueIdentifier>{c19d7e18-dbcf-408a-8124-652a4e9ef1a8}</UniqueIdentifier>
    </Filter>
    <Filter Include="Source Files\DataSystem\StaticData">
      <UniqueIdentifier>{b3b5217b-dcd2-4bfe-9596-f06b27b747da}</UniqueIdentifier>
    </Filter>
    <Filter Include="Source Files\DataSystem\Data">
      <UniqueIdentifier>{d626696a-34e3-458f-b1c3-36a6e2d54afc}</UniqueIdentifier>
    </Filter>
    <Filter Include="Source Files\DataSystem\JsonFile">
      <UniqueIdentifier>{27e39244-c72a-4029-a387-1f56627686ae}</UniqueIdentifier>
    </Filter>
    <Filter Include="Source Files\NetworkSystem\Manager">
      <UniqueIdentifier>{ccc7848c-dc1a-43d1-9f73-f88132c6d6fe}</UniqueIdentifier>
    </Filter>
    <Filter Include="Source Files\NetworkSystem\Object">
      <UniqueIdentifier>{019af350-01b1-4648-8111-ab7c970ab02b}</UniqueIdentifier>
    </Filter>
    <Filter Include="Source Files\Common">
      <UniqueIdentifier>{a41c18ee-91a8-41dc-b169-0621e1450d8d}</UniqueIdentifier>
    </Filter>
  </ItemGroup>
  <ItemGroup>
    <ClInclude Include="pch.h">
      <Filter>Source Files</Filter>
    </ClInclude>
    <ClInclude Include="LibraryHeader.h">
      <Filter>Source Files</Filter>
    </ClInclude>
    <ClInclude Include="SocketServer.h">
      <Filter>Source Files\NetworkSystem</Filter>
    </ClInclude>
    <ClInclude Include="ThreadSystem.h">
      <Filter>Source Files\System</Filter>
    </ClInclude>
    <ClInclude Include="NetworkSystem.h">
      <Filter>Source Files\System</Filter>
    </ClInclude>
    <ClInclude Include="TLS.h">
      <Filter>Source Files</Filter>
    </ClInclude>
    <ClInclude Include="ChampRelatedStruct.h">
      <Filter>Source Files\DataSystem\StaticData</Filter>
    </ClInclude>
    <ClInclude Include="DataSystem.h">
      <Filter>Source Files\DataSystem</Filter>
    </ClInclude>
    <ClInclude Include="OperationController.h">
      <Filter>Source Files\GameSystem\Controller</Filter>
    </ClInclude>
    <ClInclude Include="SkillController.h">
      <Filter>Source Files\GameSystem\Controller</Filter>
    </ClInclude>
    <ClInclude Include="StatController.h">
      <Filter>Source Files\GameSystem\Controller</Filter>
    </ClInclude>
    <ClInclude Include="StateController.h">
      <Filter>Source Files\GameSystem\Controller</Filter>
    </ClInclude>
    <ClInclude Include="TransformController.h">
      <Filter>Source Files\GameSystem\Controller</Filter>
    </ClInclude>
    <ClInclude Include="Vector3.h">
      <Filter>Source Files\GameSystem\Common</Filter>
    </ClInclude>
    <ClInclude Include="StatModifier.h">
      <Filter>Source Files\GameSystem\Modifier</Filter>
    </ClInclude>
    <ClInclude Include="Command.h">
      <Filter>Source Files\GameSystem\Command</Filter>
    </ClInclude>
    <ClInclude Include="PlayerManager.h">
      <Filter>Source Files\DataSystem\Manager</Filter>
    </ClInclude>
    <ClInclude Include="ServerApp.h">
      <Filter>Source Files\System</Filter>
    </ClInclude>
    <ClInclude Include="PhysicalDamage.h">
      <Filter>Source Files\GameSystem\Opereation</Filter>
    </ClInclude>
    <ClInclude Include="IOperation.h">
      <Filter>Source Files\GameSystem\Opereation</Filter>
    </ClInclude>
    <ClInclude Include="Player.h">
      <Filter>Source Files\DataSystem\Manager</Filter>
    </ClInclude>
    <ClInclude Include="ILogger.h">
      <Filter>Source Files\Logger</Filter>
    </ClInclude>
    <ClInclude Include="Logger.h">
      <Filter>Source Files\Logger</Filter>
    </ClInclude>
    <ClInclude Include="InputController.h">
      <Filter>Source Files\GameSystem\Controller</Filter>
    </ClInclude>
    <ClInclude Include="NetworkControllerContainer.h">
      <Filter>Source Files\NetworkSystem\Controller</Filter>
    </ClInclude>
    <ClInclude Include="AuthController.h">
      <Filter>Source Files\NetworkSystem\Controller</Filter>
    </ClInclude>
    <ClInclude Include="INetworkController.h">
      <Filter>Source Files\NetworkSystem\Controller\Interface</Filter>
    </ClInclude>
    <ClInclude Include="InputReqController.h">
      <Filter>Source Files\NetworkSystem\Controller</Filter>
    </ClInclude>
    <ClInclude Include="SceneManager.h">
      <Filter>Source Files\GameSystem\Scene</Filter>
    </ClInclude>
    <ClInclude Include="GameSystem.h">
      <Filter>Source Files\GameSystem</Filter>
    </ClInclude>
    <ClInclude Include="Scene.h">
      <Filter>Source Files\GameSystem\Scene</Filter>
    </ClInclude>
    <ClInclude Include="GameSystemGlobalCommandController.h">
      <Filter>Source Files\GameSystem\Command\CommandController\GameSystem\Global</Filter>
    </ClInclude>
    <ClInclude Include="GameSystemCommandControllerContainer.h">
      <Filter>Source Files\GameSystem\Command\CommandController\GameSystem\Container</Filter>
    </ClInclude>
    <ClInclude Include="SceneCommandControllerContainer.h">
      <Filter>Source Files\GameSystem\Command\CommandController\Scene\Container</Filter>
    </ClInclude>
    <ClInclude Include="SceneGlobalCommandController.h">
      <Filter>Source Files\GameSystem\Command\CommandController\Scene\Global</Filter>
    </ClInclude>
    <ClInclude Include="ISceneCommandController.h">
      <Filter>Source Files\GameSystem\Command\CommandController\Scene\Interface</Filter>
    </ClInclude>
    <ClInclude Include="IGameSystemCommandController.h">
      <Filter>Source Files\GameSystem\Command\CommandController\GameSystem\Interface</Filter>
    </ClInclude>
    <ClInclude Include="InputCommandController.h">
      <Filter>Source Files\GameSystem\Command\CommandController\Scene\Input</Filter>
    </ClInclude>
    <ClInclude Include="NavigationMeshAgentManager.h">
      <Filter>Source Files\DataSystem\StaticData</Filter>
    </ClInclude>
    <ClInclude Include="JsonSceneData.h">
      <Filter>Source Files\DataSystem\Data</Filter>
    </ClInclude>
    <ClInclude Include="ClientManager.h">
      <Filter>Source Files\NetworkSystem\Manager</Filter>
    </ClInclude>
    <ClInclude Include="Data.h" />
    <ClInclude Include="ClientSession.h">
      <Filter>Source Files\NetworkSystem\Object</Filter>
    </ClInclude>
    <ClInclude Include="CommandProcessCommon.h">
      <Filter>Source Files\Common</Filter>
    </ClInclude>
  </ItemGroup>
  <ItemGroup>
    <ClCompile Include="main.cpp">
      <Filter>Source Files</Filter>
    </ClCompile>
    <ClCompile Include="SocketServer.cpp">
      <Filter>Source Files\NetworkSystem</Filter>
    </ClCompile>
    <ClCompile Include="ThreadSystem.cpp">
      <Filter>Source Files\System</Filter>
    </ClCompile>
    <ClCompile Include="NetworkSystem.cpp">
      <Filter>Source Files\System</Filter>
    </ClCompile>
    <ClCompile Include="TLS.cpp">
      <Filter>Source Files</Filter>
    </ClCompile>
    <ClCompile Include="DataSystem.cpp">
      <Filter>Source Files\DataSystem</Filter>
    </ClCompile>
    <ClCompile Include="OperationController.cpp">
      <Filter>Source Files\GameSystem\Controller</Filter>
    </ClCompile>
    <ClCompile Include="SkillController.cpp">
      <Filter>Source Files\GameSystem\Controller</Filter>
    </ClCompile>
    <ClCompile Include="StatController.cpp">
      <Filter>Source Files\GameSystem\Controller</Filter>
    </ClCompile>
    <ClCompile Include="StateController.cpp">
      <Filter>Source Files\GameSystem\Controller</Filter>
    </ClCompile>
    <ClCompile Include="TransformController.cpp">
      <Filter>Source Files\GameSystem\Controller</Filter>
    </ClCompile>
    <ClCompile Include="Vector3.cpp">
      <Filter>Source Files\GameSystem\Common</Filter>
    </ClCompile>
    <ClCompile Include="StatModifier.cpp">
      <Filter>Source Files\GameSystem\Modifier</Filter>
    </ClCompile>
    <ClCompile Include="Command.cpp">
      <Filter>Source Files\GameSystem\Command</Filter>
    </ClCompile>
    <ClCompile Include="PlayerManager.cpp">
      <Filter>Source Files\DataSystem\Manager</Filter>
    </ClCompile>
    <ClCompile Include="ServerApp.cpp">
      <Filter>Source Files\System</Filter>
    </ClCompile>
    <ClCompile Include="PhysicalDamage.cpp">
      <Filter>Source Files\GameSystem\Opereation</Filter>
    </ClCompile>
    <ClCompile Include="IOperation.cpp">
      <Filter>Source Files\GameSystem\Opereation</Filter>
    </ClCompile>
    <ClCompile Include="Player.cpp">
      <Filter>Source Files\DataSystem\Manager</Filter>
    </ClCompile>
    <ClCompile Include="Logger.cpp">
      <Filter>Source Files\Logger</Filter>
    </ClCompile>
    <ClCompile Include="InputController.cpp">
      <Filter>Source Files\GameSystem\Controller</Filter>
    </ClCompile>
    <ClCompile Include="NetworkControllerContainer.cpp">
      <Filter>Source Files\NetworkSystem\Controller</Filter>
    </ClCompile>
    <ClCompile Include="AuthController.cpp">
      <Filter>Source Files\NetworkSystem\Controller</Filter>
    </ClCompile>
    <ClCompile Include="InputReqController.cpp">
      <Filter>Source Files\NetworkSystem\Controller</Filter>
    </ClCompile>
    <ClCompile Include="SceneManager.cpp">
      <Filter>Source Files\GameSystem\Scene</Filter>
    </ClCompile>
    <ClCompile Include="GameSystem.cpp">
      <Filter>Source Files\GameSystem</Filter>
    </ClCompile>
    <ClCompile Include="Scene.cpp">
      <Filter>Source Files\GameSystem\Scene</Filter>
    </ClCompile>
    <ClCompile Include="GameSystemGlobalCommandController.cpp">
      <Filter>Source Files\GameSystem\Command\CommandController\GameSystem\Global</Filter>
    </ClCompile>
    <ClCompile Include="GameSystemCommandControllerContainer.cpp">
      <Filter>Source Files\GameSystem\Command\CommandController\GameSystem\Container</Filter>
    </ClCompile>
    <ClCompile Include="SceneCommandControllerContainer.cpp">
      <Filter>Source Files\GameSystem\Command\CommandController\Scene\Container</Filter>
    </ClCompile>
    <ClCompile Include="SceneGlobalCommandController.cpp">
      <Filter>Source Files\GameSystem\Command\CommandController\Scene\Global</Filter>
    </ClCompile>
    <ClCompile Include="InputCommandController.cpp">
      <Filter>Source Files\GameSystem\Command\CommandController\Scene\Input</Filter>
    </ClCompile>
    <ClCompile Include="NavigationMeshAgentManager.cpp">
      <Filter>Source Files\DataSystem\StaticData</Filter>
    </ClCompile>
    <ClCompile Include="JsonSceneData.cpp">
      <Filter>Source Files\DataSystem\Data</Filter>
    </ClCompile>
    <ClCompile Include="ClientManager.cpp">
      <Filter>Source Files\NetworkSystem\Manager</Filter>
    </ClCompile>
    <ClCompile Include="Data.cpp">
      <Filter>Source Files</Filter>
    </ClCompile>
    <ClCompile Include="ClientSession.cpp">
      <Filter>Source Files\NetworkSystem\Object</Filter>
    </ClCompile>
  </ItemGroup>
  <ItemGroup>
    <None Include="json\ChampStatData.json">
      <Filter>Source Files\DataSystem\JsonFile</Filter>
    </None>
    <None Include="json\SkillData.json">
      <Filter>Source Files\DataSystem\JsonFile</Filter>
    </None>
    <None Include="json\ChampData.json">
      <Filter>Source Files\DataSystem\JsonFile</Filter>
    </None>
    <None Include="json\ChampSkillData.json">
      <Filter>Source Files\DataSystem\JsonFile</Filter>
    </None>
    <None Include=".clang-format" />
  </ItemGroup>
</Project>