<?xml version="1.0" encoding="utf-8"?>
<Project ToolsVersion="4.0" xmlns="http://schemas.microsoft.com/developer/msbuild/2003">
  <ItemGroup>
    <Filter Include="Source Files">
      <UniqueIdentifier>{4FC737F1-C7A5-4376-A066-2A32D752A2FF}</UniqueIdentifier>
      <Extensions>cpp;c;cc;cxx;c++;cppm;ixx;def;odl;idl;hpj;bat;asm;asmx</Extensions>
    </Filter>
    <Filter Include="Resource Files">
      <UniqueIdentifier>{67DA6AB6-F800-4c08-8B7A-83BB121AAD01}</UniqueIdentifier>
      <Extensions>rc;ico;cur;bmp;dlg;rc2;rct;bin;rgs;gif;jpg;jpeg;jpe;resx;tiff;tif;png;wav;mfcribbon-ms</Extensions>
    </Filter>
    <Filter Include="Source Files\System">
      <UniqueIdentifier>{37440e80-76d5-4cad-a259-2ef69cf1b858}</UniqueIdentifier>
    </Filter>
    <Filter Include="Source Files\DataSystem">
      <UniqueIdentifier>{38f603b6-8fc8-4e0d-aa37-abf7e6b7b500}</UniqueIdentifier>
    </Filter>
    <Filter Include="Source Files\GameSystem">
      <UniqueIdentifier>{01ff9122-a870-4d0d-b159-35ee30fb2259}</UniqueIdentifier>
    </Filter>
    <Filter Include="Source Files\GameSystem\Common">
      <UniqueIdentifier>{ce2ea7c6-f987-4d84-a3e3-25d5c183059d}</UniqueIdentifier>
    </Filter>
    <Filter Include="Source Files\DataSystem\Manager">
      <UniqueIdentifier>{41a454f8-43df-42f5-bd81-4bf09b4e9ea7}</UniqueIdentifier>
    </Filter>
    <Filter Include="Source Files\NetworkSystem">
      <UniqueIdentifier>{d55356e4-4f4a-432a-9701-b056fee351b6}</UniqueIdentifier>
    </Filter>
    <Filter Include="Source Files\GameSystem\Debug">
      <UniqueIdentifier>{edd49489-39ec-4129-b966-11e695da3165}</UniqueIdentifier>
    </Filter>
    <Filter Include="Source Files\Logger">
      <UniqueIdentifier>{9a93da21-f5f4-4a17-a87b-3955e87455a8}</UniqueIdentifier>
    </Filter>
    <Filter Include="Source Files\NetworkSystem\Controller">
      <UniqueIdentifier>{7d9130a4-d7fe-413c-9ff5-f322dae478c9}</UniqueIdentifier>
    </Filter>
    <Filter Include="Source Files\NetworkSystem\Controller\Interface">
      <UniqueIdentifier>{9931816c-fd5d-4d0a-b802-145fb3d7a550}</UniqueIdentifier>
    </Filter>
    <Filter Include="Source Files\GameSystem\Scene">
      <UniqueIdentifier>{1d432961-03d9-4109-8685-dcdd814b06b5}</UniqueIdentifier>
    </Filter>
    <Filter Include="Source Files\DataSystem\Data">
      <UniqueIdentifier>{d626696a-34e3-458f-b1c3-36a6e2d54afc}</UniqueIdentifier>
    </Filter>
    <Filter Include="Source Files\DataSystem\JsonFile">
      <UniqueIdentifier>{27e39244-c72a-4029-a387-1f56627686ae}</UniqueIdentifier>
    </Filter>
    <Filter Include="Source Files\NetworkSystem\Manager">
      <UniqueIdentifier>{ccc7848c-dc1a-43d1-9f73-f88132c6d6fe}</UniqueIdentifier>
    </Filter>
    <Filter Include="Source Files\NetworkSystem\Object">
      <UniqueIdentifier>{019af350-01b1-4648-8111-ab7c970ab02b}</UniqueIdentifier>
    </Filter>
    <Filter Include="Source Files\Common">
      <UniqueIdentifier>{a41c18ee-91a8-41dc-b169-0621e1450d8d}</UniqueIdentifier>
    </Filter>
    <Filter Include="Source Files\NetworkSystem\Controller\RequestValidator">
      <UniqueIdentifier>{595c3109-680a-4a78-8c62-312841d9a96c}</UniqueIdentifier>
    </Filter>
    <Filter Include="Source Files\GameSystem\ReqController">
      <UniqueIdentifier>{8f89b464-0f8b-4431-8126-54e5b15c1f20}</UniqueIdentifier>
    </Filter>
    <Filter Include="Source Files\GameSystem\ReqController\Container">
      <UniqueIdentifier>{027b61a0-023c-4d53-a1dc-50dcdd85d17d}</UniqueIdentifier>
    </Filter>
    <Filter Include="Source Files\GameSystem\ReqController\Global">
      <UniqueIdentifier>{b533e52d-594f-40a5-b961-13869709c11d}</UniqueIdentifier>
    </Filter>
    <Filter Include="Source Files\GameSystem\ReqController\Input">
      <UniqueIdentifier>{c19d7e18-dbcf-408a-8124-652a4e9ef1a8}</UniqueIdentifier>
    </Filter>
    <Filter Include="Source Files\GameSystem\ReqController\Interface">
      <UniqueIdentifier>{553471d6-150d-4b72-9911-9a31fd9b05e5}</UniqueIdentifier>
    </Filter>
    <Filter Include="Source Files\GameSystem\Player">
      <UniqueIdentifier>{8d51f56e-e598-43c1-a2f0-35042e8901b8}</UniqueIdentifier>
    </Filter>
    <Filter Include="Source Files\GameSystem\Player\Controller">
      <UniqueIdentifier>{4a3f8f2a-158e-4fab-be79-66f73ed48b4d}</UniqueIdentifier>
    </Filter>
    <Filter Include="Source Files\GameSystem\Player\Modifier">
      <UniqueIdentifier>{0d385036-d7be-4656-8186-51ac4393f0e5}</UniqueIdentifier>
    </Filter>
    <Filter Include="Source Files\GameSystem\Player\Opereation">
      <UniqueIdentifier>{63dac1f9-32a4-4e05-8f85-a06a470d1eaf}</UniqueIdentifier>
    </Filter>
    <Filter Include="Source Files\GameSystem\Object">
      <UniqueIdentifier>{cacd833b-8a09-41af-a0ad-5a50376b35d4}</UniqueIdentifier>
    </Filter>
    <Filter Include="Source Files\GameSystem\Skill">
      <UniqueIdentifier>{5a656c5d-c0e8-4f2b-ab0c-218471dbc7e1}</UniqueIdentifier>
    </Filter>
    <Filter Include="Source Files\GameSystem\Updater">
      <UniqueIdentifier>{9554b817-6105-4cf6-8d9a-9b3cd0efa682}</UniqueIdentifier>
    </Filter>
    <Filter Include="Source Files\GameSystem\Skill\Handler">
      <UniqueIdentifier>{95cf852a-554e-489b-b491-3d6099d54e94}</UniqueIdentifier>
    </Filter>
    <Filter Include="Source Files\Macro">
      <UniqueIdentifier>{66b84789-bc58-4f2b-b6ad-74b0c482e977}</UniqueIdentifier>
    </Filter>
    <Filter Include="Source Files\DataSystem\StaticDataManager">
      <UniqueIdentifier>{b3b5217b-dcd2-4bfe-9596-f06b27b747da}</UniqueIdentifier>
    </Filter>
    <Filter Include="Source Files\Library">
      <UniqueIdentifier>{e2c2cdc6-7598-4ce2-8095-6bc8ce4c7409}</UniqueIdentifier>
    </Filter>
    <Filter Include="Source Files\Library\Simdjson">
      <UniqueIdentifier>{6b0fd21c-2de9-40b4-86e7-b52700e963e3}</UniqueIdentifier>
    </Filter>
  </ItemGroup>
  <ItemGroup>
    <ClInclude Include="pch.h">
      <Filter>Source Files</Filter>
    </ClInclude>
    <ClInclude Include="LibraryHeader.h">
      <Filter>Source Files</Filter>
    </ClInclude>
    <ClInclude Include="SocketServer.h">
      <Filter>Source Files\NetworkSystem</Filter>
    </ClInclude>
    <ClInclude Include="ThreadSystem.h">
      <Filter>Source Files\System</Filter>
    </ClInclude>
    <ClInclude Include="NetworkSystem.h">
      <Filter>Source Files\System</Filter>
    </ClInclude>
    <ClInclude Include="TLS.h">
      <Filter>Source Files</Filter>
    </ClInclude>
    <ClInclude Include="DataSystem.h">
      <Filter>Source Files\DataSystem</Filter>
    </ClInclude>
    <ClInclude Include="OperationController.h">
      <Filter>Source Files\GameSystem\Player\Controller</Filter>
    </ClInclude>
    <ClInclude Include="SkillController.h">
      <Filter>Source Files\GameSystem\Player\Controller</Filter>
    </ClInclude>
    <ClInclude Include="StatController.h">
      <Filter>Source Files\GameSystem\Player\Controller</Filter>
    </ClInclude>
    <ClInclude Include="StateController.h">
      <Filter>Source Files\GameSystem\Player\Controller</Filter>
    </ClInclude>
    <ClInclude Include="TransformEntity.h">
      <Filter>Source Files\GameSystem\Player\Controller</Filter>
    </ClInclude>
    <ClInclude Include="StatModifier.h">
      <Filter>Source Files\GameSystem\Player\Modifier</Filter>
    </ClInclude>
    <ClInclude Include="PlayerManager.h">
      <Filter>Source Files\DataSystem\Manager</Filter>
    </ClInclude>
    <ClInclude Include="ServerApp.h">
      <Filter>Source Files\System</Filter>
    </ClInclude>
    <ClInclude Include="PhysicalDamage.h">
      <Filter>Source Files\GameSystem\Player\Opereation</Filter>
    </ClInclude>
    <ClInclude Include="IOperation.h">
      <Filter>Source Files\GameSystem\Player\Opereation</Filter>
    </ClInclude>
    <ClInclude Include="Player.h">
      <Filter>Source Files\DataSystem\Manager</Filter>
    </ClInclude>
    <ClInclude Include="ILogger.h">
      <Filter>Source Files\Logger</Filter>
    </ClInclude>
    <ClInclude Include="Logger.h">
      <Filter>Source Files\Logger</Filter>
    </ClInclude>
    <ClInclude Include="InputController.h">
      <Filter>Source Files\GameSystem\Player\Controller</Filter>
    </ClInclude>
    <ClInclude Include="NetworkControllerContainer.h">
      <Filter>Source Files\NetworkSystem\Controller</Filter>
    </ClInclude>
    <ClInclude Include="AuthController.h">
      <Filter>Source Files\NetworkSystem\Controller</Filter>
    </ClInclude>
    <ClInclude Include="INetworkController.h">
      <Filter>Source Files\NetworkSystem\Controller\Interface</Filter>
    </ClInclude>
    <ClInclude Include="PositionController.h">
      <Filter>Source Files\NetworkSystem\Controller</Filter>
    </ClInclude>
    <ClInclude Include="SceneManager.h">
      <Filter>Source Files\GameSystem\Scene</Filter>
    </ClInclude>
    <ClInclude Include="GameSystem.h">
      <Filter>Source Files\GameSystem</Filter>
    </ClInclude>
    <ClInclude Include="Scene.h">
      <Filter>Source Files\GameSystem\Scene</Filter>
    </ClInclude>
    <ClInclude Include="GameSystemControllerContainer.h">
      <Filter>Source Files\GameSystem\ReqController\Container</Filter>
    </ClInclude>
    <ClInclude Include="GameGlobalController.h">
      <Filter>Source Files\GameSystem\ReqController\Global</Filter>
    </ClInclude>
    <ClInclude Include="IGameSystemController.h">
      <Filter>Source Files\GameSystem\ReqController\Interface</Filter>
    </ClInclude>
    <ClInclude Include="GamePositionController.h">
      <Filter>Source Files\GameSystem\ReqController\Input</Filter>
    </ClInclude>
    <ClInclude Include="NavigationMeshAgentManager.h">
      <Filter>Source Files\DataSystem\StaticDataManager</Filter>
    </ClInclude>
    <ClInclude Include="ClientManager.h">
      <Filter>Source Files\NetworkSystem\Manager</Filter>
    </ClInclude>
    <ClInclude Include="Data.h" />
    <ClInclude Include="ClientSession.h">
      <Filter>Source Files\NetworkSystem\Object</Filter>
    </ClInclude>
    <ClInclude Include="CommandProcessCommon.h">
      <Filter>Source Files\Common</Filter>
    </ClInclude>
    <ClInclude Include="RequestValidator.h">
      <Filter>Source Files\NetworkSystem\Controller\RequestValidator</Filter>
    </ClInclude>
    <ClInclude Include="GameSystemReq.h">
      <Filter>Source Files\GameSystem\ReqController</Filter>
    </ClInclude>
    <ClInclude Include="SceneInfoManager.h">
      <Filter>Source Files\DataSystem\StaticDataManager</Filter>
    </ClInclude>
    <ClInclude Include="SceneInfo.h">
      <Filter>Source Files\DataSystem\Data</Filter>
    </ClInclude>
    <ClInclude Include="BaseStatManager.h">
      <Filter>Source Files\DataSystem\StaticDataManager</Filter>
    </ClInclude>
    <ClInclude Include="BaseStatInfo.h">
      <Filter>Source Files\GameSystem\Object</Filter>
    </ClInclude>
    <ClInclude Include="StatType.h">
      <Filter>Source Files\GameSystem\Common</Filter>
    </ClInclude>
    <ClInclude Include="Skill.h">
      <Filter>Source Files\GameSystem\Skill</Filter>
    </ClInclude>
    <ClInclude Include="Operation.h">
      <Filter>Source Files\GameSystem\Skill</Filter>
    </ClInclude>
    <ClInclude Include="OperationCondition.h">
      <Filter>Source Files\GameSystem\Skill</Filter>
    </ClInclude>
    <ClInclude Include="SkillDataManager.h">
      <Filter>Source Files\DataSystem\StaticDataManager</Filter>
    </ClInclude>
    <ClInclude Include="GameSystemUpdater.h">
      <Filter>Source Files\GameSystem\Updater</Filter>
    </ClInclude>
    <ClInclude Include="OperationConditionHandler.h">
      <Filter>Source Files\GameSystem\Skill\Handler</Filter>
    </ClInclude>
    <ClInclude Include="OperationHandler.h">
      <Filter>Source Files\GameSystem\Skill\Handler</Filter>
    </ClInclude>
    <ClInclude Include="SpawnManager.h">
      <Filter>Source Files\GameSystem\Scene</Filter>
    </ClInclude>
    <ClInclude Include="LogMacro.h">
      <Filter>Source Files\Macro</Filter>
    </ClInclude>
    <ClInclude Include="GameSystemConstant.h">
      <Filter>Source Files\GameSystem\Common</Filter>
    </ClInclude>
    <ClInclude Include="SpawnInfoManager.h">
      <Filter>Source Files\DataSystem\StaticDataManager</Filter>
    </ClInclude>
    <ClInclude Include="SpawnInfo.h">
      <Filter>Source Files\DataSystem\Data</Filter>
    </ClInclude>
    <ClInclude Include="NPC.h">
      <Filter>Source Files\GameSystem\Object</Filter>
    </ClInclude>
    <ClInclude Include="NPCManager.h">
      <Filter>Source Files\GameSystem\Scene</Filter>
    </ClInclude>
    <ClInclude Include="NPCInfoManager.h">
      <Filter>Source Files\DataSystem\StaticDataManager</Filter>
    </ClInclude>
    <ClInclude Include="NPCInfo.h">
      <Filter>Source Files\DataSystem\Data</Filter>
    </ClInclude>
    <ClInclude Include="PatrolController.h">
      <Filter>Source Files\GameSystem\Player\Controller</Filter>
    </ClInclude>
    <ClInclude Include="simdjson.h">
      <Filter>Source Files\Library\Simdjson</Filter>
    <ClInclude Include="GLobalController.h">
      <Filter>Source Files\NetworkSystem\Controller</Filter>
    </ClInclude>
    <ClInclude Include="ProjectileManager.h">
      <Filter>Source Files\GameSystem\Scene</Filter>
    </ClInclude>
    <ClInclude Include="simdjson.h">
      <Filter>Source Files\Library</Filter>
    </ClInclude>
  </ItemGroup>
  <ItemGroup>
    <ClCompile Include="main.cpp">
      <Filter>Source Files</Filter>
    </ClCompile>
    <ClCompile Include="SocketServer.cpp">
      <Filter>Source Files\NetworkSystem</Filter>
    </ClCompile>
    <ClCompile Include="ThreadSystem.cpp">
      <Filter>Source Files\System</Filter>
    </ClCompile>
    <ClCompile Include="NetworkSystem.cpp">
      <Filter>Source Files\System</Filter>
    </ClCompile>
    <ClCompile Include="TLS.cpp">
      <Filter>Source Files</Filter>
    </ClCompile>
    <ClCompile Include="DataSystem.cpp">
      <Filter>Source Files\DataSystem</Filter>
    </ClCompile>
    <ClCompile Include="OperationController.cpp">
      <Filter>Source Files\GameSystem\Player\Controller</Filter>
    </ClCompile>
    <ClCompile Include="SkillController.cpp">
      <Filter>Source Files\GameSystem\Player\Controller</Filter>
    </ClCompile>
    <ClCompile Include="StatController.cpp">
      <Filter>Source Files\GameSystem\Player\Controller</Filter>
    </ClCompile>
    <ClCompile Include="StateController.cpp">
      <Filter>Source Files\GameSystem\Player\Controller</Filter>
    </ClCompile>
    <ClCompile Include="StatModifier.cpp">
      <Filter>Source Files\GameSystem\Player\Modifier</Filter>
    </ClCompile>
    <ClCompile Include="PlayerManager.cpp">
      <Filter>Source Files\DataSystem\Manager</Filter>
    </ClCompile>
    <ClCompile Include="ServerApp.cpp">
      <Filter>Source Files\System</Filter>
    </ClCompile>
    <ClCompile Include="PhysicalDamage.cpp">
      <Filter>Source Files\GameSystem\Player\Opereation</Filter>
    </ClCompile>
    <ClCompile Include="IOperation.cpp">
      <Filter>Source Files\GameSystem\Player\Opereation</Filter>
    </ClCompile>
    <ClCompile Include="Player.cpp">
      <Filter>Source Files\DataSystem\Manager</Filter>
    </ClCompile>
    <ClCompile Include="Logger.cpp">
      <Filter>Source Files\Logger</Filter>
    </ClCompile>
    <ClCompile Include="InputController.cpp">
      <Filter>Source Files\GameSystem\Player\Controller</Filter>
    </ClCompile>
    <ClCompile Include="NetworkControllerContainer.cpp">
      <Filter>Source Files\NetworkSystem\Controller</Filter>
    </ClCompile>
    <ClCompile Include="AuthController.cpp">
      <Filter>Source Files\NetworkSystem\Controller</Filter>
    </ClCompile>
    <ClCompile Include="PositionController.cpp">
      <Filter>Source Files\NetworkSystem\Controller</Filter>
    </ClCompile>
    <ClCompile Include="SceneManager.cpp">
      <Filter>Source Files\GameSystem\Scene</Filter>
    </ClCompile>
    <ClCompile Include="GameSystem.cpp">
      <Filter>Source Files\GameSystem</Filter>
    </ClCompile>
    <ClCompile Include="Scene.cpp">
      <Filter>Source Files\GameSystem\Scene</Filter>
    </ClCompile>
    <ClCompile Include="GameSystemControllerContainer.cpp">
      <Filter>Source Files\GameSystem\ReqController\Container</Filter>
    </ClCompile>
    <ClCompile Include="GameGlobalController.cpp">
      <Filter>Source Files\GameSystem\ReqController\Global</Filter>
    </ClCompile>
    <ClCompile Include="GamePositionController.cpp">
      <Filter>Source Files\GameSystem\ReqController\Input</Filter>
    </ClCompile>
    <ClCompile Include="NavigationMeshAgentManager.cpp">
      <Filter>Source Files\DataSystem\StaticDataManager</Filter>
    </ClCompile>
    <ClCompile Include="ClientManager.cpp">
      <Filter>Source Files\NetworkSystem\Manager</Filter>
    </ClCompile>
    <ClCompile Include="Data.cpp">
      <Filter>Source Files</Filter>
    </ClCompile>
    <ClCompile Include="ClientSession.cpp">
      <Filter>Source Files\NetworkSystem\Object</Filter>
    </ClCompile>
    <ClCompile Include="SceneInfoManager.cpp">
      <Filter>Source Files\DataSystem\StaticDataManager</Filter>
    </ClCompile>
    <ClCompile Include="BaseStatManager.cpp">
      <Filter>Source Files\DataSystem\StaticDataManager</Filter>
    </ClCompile>
    <ClCompile Include="Skill.cpp">
      <Filter>Source Files\GameSystem\Skill</Filter>
    </ClCompile>
    <ClCompile Include="Operation.cpp">
      <Filter>Source Files\GameSystem\Skill</Filter>
    </ClCompile>
    <ClCompile Include="OperationCondition.cpp">
      <Filter>Source Files\GameSystem\Skill</Filter>
    </ClCompile>
    <ClCompile Include="SkillDataManager.cpp">
      <Filter>Source Files\DataSystem\StaticDataManager</Filter>
    </ClCompile>
    <ClCompile Include="GameSystemUpdater.cpp">
      <Filter>Source Files\GameSystem\Updater</Filter>
    </ClCompile>
    <ClCompile Include="OperationConditionHandler.cpp">
      <Filter>Source Files\GameSystem\Skill\Handler</Filter>
    </ClCompile>
    <ClCompile Include="OperationHandler.cpp">
      <Filter>Source Files\GameSystem\Skill\Handler</Filter>
    </ClCompile>
    <ClCompile Include="SpawnManager.cpp">
      <Filter>Source Files\GameSystem\Scene</Filter>
    </ClCompile>
    <ClCompile Include="TransformEntity.cpp">
      <Filter>Source Files\GameSystem\Player\Controller</Filter>
    </ClCompile>
    <ClCompile Include="SpawnInfoManager.cpp">
      <Filter>Source Files\DataSystem\StaticDataManager</Filter>
    </ClCompile>
    <ClCompile Include="NPC.cpp">
      <Filter>Source Files\GameSystem\Object</Filter>
    </ClCompile>
    <ClCompile Include="NPCManager.cpp">
      <Filter>Source Files\GameSystem\Scene</Filter>
    </ClCompile>
    <ClCompile Include="NPCInfoManager.cpp">
      <Filter>Source Files\DataSystem\StaticDataManager</Filter>
    </ClCompile>
    <ClCompile Include="PatrolController.cpp">
      <Filter>Source Files\GameSystem\Player\Controller</Filter>
    </ClCompile>
    <ClCompile Include="simdjson.cpp">
      <Filter>Source Files\Library\Simdjson</Filter>
    <ClCompile Include="GLobalController.cpp">
      <Filter>Source Files\NetworkSystem\Controller</Filter>
    </ClCompile>
    <ClCompile Include="ProjectileManager.cpp">
      <Filter>Source Files\GameSystem\Scene</Filter>
    </ClCompile>
    <ClCompile Include="simdjson.cpp">
      <Filter>Source Files\Library</Filter>
    </ClCompile>
  </ItemGroup>
  <ItemGroup>
    <None Include=".clang-format" />
    <None Include="json\OperationData.json">
      <Filter>Source Files\DataSystem\JsonFile</Filter>
    </None>
    <None Include="json\ProjectileInfo.json">
      <Filter>Source Files\DataSystem\JsonFile</Filter>
    </None>
    <None Include="json\SpawnInfo.json">
      <Filter>Source Files\DataSystem\JsonFile</Filter>
    </None>
    <None Include="json\SkillData.json">
      <Filter>Source Files\DataSystem\JsonFile</Filter>
    </None>
    <None Include="json\SkillInfo.json">
      <Filter>Source Files\DataSystem\JsonFile</Filter>
    </None>
    <None Include="json\BaseStatInfo.json">
      <Filter>Source Files\DataSystem\JsonFile</Filter>
    </None>
    <None Include="json\CharacterInfo.json">
      <Filter>Source Files\DataSystem\JsonFile</Filter>
    </None>
    <None Include="json\NPCInfo.json">
      <Filter>Source Files\DataSystem\JsonFile</Filter>
    </None>
    <None Include="json\SceneInfo.json">
      <Filter>Source Files\DataSystem\JsonFile</Filter>
    </None>
  </ItemGroup>
</Project>